{
  "name": "@ohh-cli/utils",
  "version": "0.1.0",
  "lockfileVersion": 2,
  "requires": true,
  "packages": {
    "": {
      "name": "@ohh-cli/utils",
      "version": "0.1.0",
      "license": "ISC",
      "dependencies": {
        "child_process": "^1.0.2",
        "cli-spinner": "^0.2.10",
        "kebab-case": "^1.0.1"
      }
    },
    "node_modules/child_process": {
      "version": "1.0.2",
      "resolved": "https://registry.npmjs.org/child_process/-/child_process-1.0.2.tgz",
      "integrity": "sha512-Wmza/JzL0SiWz7kl6MhIKT5ceIlnFPJX+lwUGj7Clhy5MMldsSoJR0+uvRzOS5Kv45Mq7t1PoE8TsOA9bzvb6g=="
    },
    "node_modules/cli-spinner": {
      "version": "0.2.10",
      "resolved": "https://registry.npmjs.org/cli-spinner/-/cli-spinner-0.2.10.tgz",
      "integrity": "sha512-U0sSQ+JJvSLi1pAYuJykwiA8Dsr15uHEy85iCJ6A+0DjVxivr3d+N2Wjvodeg89uP5K6TswFkKBfAD7B3YSn/Q==",
      "engines": {
        "node": ">=0.10"
      }
    },
    "node_modules/kebab-case": {
      "version": "1.0.1",
      "resolved": "https://registry.npmjs.org/kebab-case/-/kebab-case-1.0.1.tgz",
      "integrity": "sha512-txPHx6nVLhv8PHGXIlAk0nYoh894SpAqGPXNvbg2hh8spvHXIah3+vT87DLoa59nKgC6scD3u3xAuRIgiMqbfQ=="
    }
  },
  "dependencies": {
    "child_process": {
      "version": "1.0.2",
      "resolved": "https://registry.npmjs.org/child_process/-/child_process-1.0.2.tgz",
      "integrity": "sha512-Wmza/JzL0SiWz7kl6MhIKT5ceIlnFPJX+lwUGj7Clhy5MMldsSoJR0+uvRzOS5Kv45Mq7t1PoE8TsOA9bzvb6g=="
    },
    "cli-spinner": {
      "version": "0.2.10",
      "resolved": "https://registry.npmjs.org/cli-spinner/-/cli-spinner-0.2.10.tgz",
      "integrity": "sha512-U0sSQ+JJvSLi1pAYuJykwiA8Dsr15uHEy85iCJ6A+0DjVxivr3d+N2Wjvodeg89uP5K6TswFkKBfAD7B3YSn/Q=="
    },
    "kebab-case": {
      "version": "1.0.1",
      "resolved": "https://registry.npmjs.org/kebab-case/-/kebab-case-1.0.1.tgz",
      "integrity": "sha512-txPHx6nVLhv8PHGXIlAk0nYoh894SpAqGPXNvbg2hh8spvHXIah3+vT87DLoa59nKgC6scD3u3xAuRIgiMqbfQ=="
    }
  }
}
