{
  "name": "@ohh-cli/exec",
  "version": "0.0.1",
  "lockfileVersion": 2,
  "requires": true,
  "packages": {
    "": {
      "name": "@ohh-cli/exec",
      "version": "0.0.1",
      "license": "ISC",
      "dependencies": {
        "@ohh-cli/log": "file:../../utils/log",
        "@ohh-cli/package": "file:../../models/package"
      }
    },
    "../../models/package": {
      "name": "@ohh-cli/package",
      "version": "0.0.1",
      "license": "ISC",
      "dependencies": {
        "@ohh-cli/format-path": "file:../../utils/format-path",
        "@ohh-cli/get-npm-info": "file:../../utils/get-npm-info",
        "@ohh-cli/utils": "file:../../utils/utils",
        "colors": "^1.4.0",
        "fs-extra": "^10.1.0",
        "npminstall": "^6.5.0",
        "path-exists": "4.0.0",
        "pkg-dir": "5.0.0"
      }
    },
    "../../utils/log": {
      "name": "@ohh-cli/log",
      "version": "0.0.1",
      "license": "ISC",
      "dependencies": {
        "npmlog": "^6.0.2"
      }
    },
    "modles/package": {
      "extraneous": true
    },
    "node_modules/@ohh-cli/log": {
      "resolved": "../../utils/log",
      "link": true
    },
    "node_modules/@ohh-cli/package": {
      "resolved": "../../models/package",
      "link": true
    }
  },
  "dependencies": {
    "@ohh-cli/log": {
      "version": "file:../../utils/log",
      "requires": {
        "npmlog": "^6.0.2"
      }
    },
    "@ohh-cli/package": {
      "version": "file:../../models/package",
      "requires": {
        "@ohh-cli/format-path": "file:../../utils/format-path",
        "@ohh-cli/get-npm-info": "file:../../utils/get-npm-info",
        "@ohh-cli/utils": "file:../../utils/utils",
        "colors": "^1.4.0",
        "fs-extra": "^10.1.0",
        "npminstall": "^6.5.0",
        "path-exists": "4.0.0",
        "pkg-dir": "5.0.0"
      }
    }
  }
}
